// !$*UTF8*$!
{
	archiveVersion = 1;
	classes = {
	};
	objectVersion = 50;
	objects = {

/* Begin PBXBuildFile section */
		8C8012B52398FD97009EC6DC /* usersVC+ tableView.swift in Sources */ = {isa = PBXBuildFile; fileRef = 8C8012B42398FD97009EC6DC /* usersVC+ tableView.swift */; };
		8C8012B92398FEA0009EC6DC /* usersCell.swift in Sources */ = {isa = PBXBuildFile; fileRef = 8C8012B72398FEA0009EC6DC /* usersCell.swift */; };
		8C8012BA2398FEA0009EC6DC /* usersCell.xib in Resources */ = {isa = PBXBuildFile; fileRef = 8C8012B82398FEA0009EC6DC /* usersCell.xib */; };
		8C8012BD2399073D009EC6DC /* user.swift in Sources */ = {isa = PBXBuildFile; fileRef = 8C8012BC2399073D009EC6DC /* user.swift */; };
		8C8012C12399087E009EC6DC /* usersVCInteractor.swift in Sources */ = {isa = PBXBuildFile; fileRef = 8C8012C02399087E009EC6DC /* usersVCInteractor.swift */; };
		8C8012C32399088D009EC6DC /* usersVCPesenter.swift in Sources */ = {isa = PBXBuildFile; fileRef = 8C8012C22399088D009EC6DC /* usersVCPesenter.swift */; };
		8C8012C5239912C4009EC6DC /* usersVC+presenterDelagation .swift in Sources */ = {isa = PBXBuildFile; fileRef = 8C8012C4239912C4009EC6DC /* usersVC+presenterDelagation .swift */; };
		8CCEB38422D89A1A00FC000E /* AppDelegate.swift in Sources */ = {isa = PBXBuildFile; fileRef = 8CCEB38322D89A1A00FC000E /* AppDelegate.swift */; };
		8CCEB38622D89A1A00FC000E /* usersVC.swift in Sources */ = {isa = PBXBuildFile; fileRef = 8CCEB38522D89A1A00FC000E /* usersVC.swift */; };
		8CCEB38922D89A1A00FC000E /* Main.storyboard in Resources */ = {isa = PBXBuildFile; fileRef = 8CCEB38722D89A1A00FC000E /* Main.storyboard */; };
		8CCEB38B22D89A2700FC000E /* Assets.xcassets in Resources */ = {isa = PBXBuildFile; fileRef = 8CCEB38A22D89A2700FC000E /* Assets.xcassets */; };
		8CCEB38E22D89A2700FC000E /* LaunchScreen.storyboard in Resources */ = {isa = PBXBuildFile; fileRef = 8CCEB38C22D89A2700FC000E /* LaunchScreen.storyboard */; };
		8CCEB39922D89A2800FC000E /* progammaticallyTests.swift in Sources */ = {isa = PBXBuildFile; fileRef = 8CCEB39822D89A2800FC000E /* progammaticallyTests.swift */; };
/* End PBXBuildFile section */

/* Begin PBXContainerItemProxy section */
		8CCEB39522D89A2800FC000E /* PBXContainerItemProxy */ = {
			isa = PBXContainerItemProxy;
			containerPortal = 8CCEB37822D89A1A00FC000E /* Project object */;
			proxyType = 1;
			remoteGlobalIDString = 8CCEB37F22D89A1A00FC000E;
			remoteInfo = progammatically;
		};
/* End PBXContainerItemProxy section */

/* Begin PBXFileReference section */
		8C8012B42398FD97009EC6DC /* usersVC+ tableView.swift */ = {isa = PBXFileReference; lastKnownFileType = sourcecode.swift; path = "usersVC+ tableView.swift"; sourceTree = "<group>"; };
		8C8012B72398FEA0009EC6DC /* usersCell.swift */ = {isa = PBXFileReference; lastKnownFileType = sourcecode.swift; path = usersCell.swift; sourceTree = "<group>"; };
		8C8012B82398FEA0009EC6DC /* usersCell.xib */ = {isa = PBXFileReference; lastKnownFileType = file.xib; path = usersCell.xib; sourceTree = "<group>"; };
		8C8012BC2399073D009EC6DC /* user.swift */ = {isa = PBXFileReference; lastKnownFileType = sourcecode.swift; path = user.swift; sourceTree = "<group>"; };
		8C8012C02399087E009EC6DC /* usersVCInteractor.swift */ = {isa = PBXFileReference; lastKnownFileType = sourcecode.swift; path = usersVCInteractor.swift; sourceTree = "<group>"; };
		8C8012C22399088D009EC6DC /* usersVCPesenter.swift */ = {isa = PBXFileReference; lastKnownFileType = sourcecode.swift; path = usersVCPesenter.swift; sourceTree = "<group>"; };
		8C8012C4239912C4009EC6DC /* usersVC+presenterDelagation .swift */ = {isa = PBXFileReference; lastKnownFileType = sourcecode.swift; path = "usersVC+presenterDelagation .swift"; sourceTree = "<group>"; };
		8CCEB38022D89A1A00FC000E /* progammatically.app */ = {isa = PBXFileReference; explicitFileType = wrapper.application; includeInIndex = 0; path = progammatically.app; sourceTree = BUILT_PRODUCTS_DIR; };
		8CCEB38322D89A1A00FC000E /* AppDelegate.swift */ = {isa = PBXFileReference; lastKnownFileType = sourcecode.swift; path = AppDelegate.swift; sourceTree = "<group>"; };
		8CCEB38522D89A1A00FC000E /* usersVC.swift */ = {isa = PBXFileReference; lastKnownFileType = sourcecode.swift; path = usersVC.swift; sourceTree = "<group>"; };
		8CCEB38822D89A1A00FC000E /* Base */ = {isa = PBXFileReference; lastKnownFileType = file.storyboard; name = Base; path = Base.lproj/Main.storyboard; sourceTree = "<group>"; };
		8CCEB38A22D89A2700FC000E /* Assets.xcassets */ = {isa = PBXFileReference; lastKnownFileType = folder.assetcatalog; path = Assets.xcassets; sourceTree = "<group>"; };
		8CCEB38D22D89A2700FC000E /* Base */ = {isa = PBXFileReference; lastKnownFileType = file.storyboard; name = Base; path = Base.lproj/LaunchScreen.storyboard; sourceTree = "<group>"; };
		8CCEB38F22D89A2700FC000E /* Info.plist */ = {isa = PBXFileReference; lastKnownFileType = text.plist.xml; path = Info.plist; sourceTree = "<group>"; };
		8CCEB39422D89A2800FC000E /* progammaticallyTests.xctest */ = {isa = PBXFileReference; explicitFileType = wrapper.cfbundle; includeInIndex = 0; path = progammaticallyTests.xctest; sourceTree = BUILT_PRODUCTS_DIR; };
		8CCEB39822D89A2800FC000E /* progammaticallyTests.swift */ = {isa = PBXFileReference; lastKnownFileType = sourcecode.swift; path = progammaticallyTests.swift; sourceTree = "<group>"; };
		8CCEB39A22D89A2800FC000E /* Info.plist */ = {isa = PBXFileReference; lastKnownFileType = text.plist.xml; path = Info.plist; sourceTree = "<group>"; };
/* End PBXFileReference section */

/* Begin PBXFrameworksBuildPhase section */
		8CCEB37D22D89A1A00FC000E /* Frameworks */ = {
			isa = PBXFrameworksBuildPhase;
			buildActionMask = 2147483647;
			files = (
			);
			runOnlyForDeploymentPostprocessing = 0;
		};
		8CCEB39122D89A2800FC000E /* Frameworks */ = {
			isa = PBXFrameworksBuildPhase;
			buildActionMask = 2147483647;
			files = (
			);
			runOnlyForDeploymentPostprocessing = 0;
		};
/* End PBXFrameworksBuildPhase section */

/* Begin PBXGroup section */
		8C8012AE2398FB13009EC6DC /* Scenes */ = {
			isa = PBXGroup;
			children = (
				8C8012BF2399085E009EC6DC /* Interactor */,
				8C8012BE23990852009EC6DC /* Presenter */,
				8C8012B62398FE7D009EC6DC /* TableViewCells */,
				8C8012B32398FB7F009EC6DC /* Users */,
			);
			path = Scenes;
			sourceTree = "<group>";
		};
		8C8012AF2398FB3E009EC6DC /* Configurations */ = {
			isa = PBXGroup;
			children = (
				8CCEB38F22D89A2700FC000E /* Info.plist */,
			);
			path = Configurations;
			sourceTree = "<group>";
		};
		8C8012B02398FB4E009EC6DC /* Resources */ = {
			isa = PBXGroup;
			children = (
				8CCEB38C22D89A2700FC000E /* LaunchScreen.storyboard */,
				8CCEB38A22D89A2700FC000E /* Assets.xcassets */,
			);
			path = Resources;
			sourceTree = "<group>";
		};
		8C8012B12398FB63009EC6DC /* Storyboards */ = {
			isa = PBXGroup;
			children = (
				8CCEB38722D89A1A00FC000E /* Main.storyboard */,
			);
			path = Storyboards;
			sourceTree = "<group>";
		};
		8C8012B22398FB72009EC6DC /* Core */ = {
			isa = PBXGroup;
			children = (
				8CCEB38322D89A1A00FC000E /* AppDelegate.swift */,
			);
			path = Core;
			sourceTree = "<group>";
		};
		8C8012B32398FB7F009EC6DC /* Users */ = {
			isa = PBXGroup;
			children = (
				8CCEB38522D89A1A00FC000E /* usersVC.swift */,
				8C8012B42398FD97009EC6DC /* usersVC+ tableView.swift */,
				8C8012C4239912C4009EC6DC /* usersVC+presenterDelagation .swift */,
			);
			path = Users;
			sourceTree = "<group>";
		};
		8C8012B62398FE7D009EC6DC /* TableViewCells */ = {
			isa = PBXGroup;
			children = (
				8C8012B72398FEA0009EC6DC /* usersCell.swift */,
				8C8012B82398FEA0009EC6DC /* usersCell.xib */,
			);
			path = TableViewCells;
			sourceTree = "<group>";
		};
		8C8012BB2399071D009EC6DC /* Model */ = {
			isa = PBXGroup;
			children = (
				8C8012BC2399073D009EC6DC /* user.swift */,
			);
			name = Model;
			path = "New Group";
			sourceTree = "<group>";
		};
		8C8012BE23990852009EC6DC /* Presenter */ = {
			isa = PBXGroup;
			children = (
				8C8012C22399088D009EC6DC /* usersVCPesenter.swift */,
			);
			path = Presenter;
			sourceTree = "<group>";
		};
		8C8012BF2399085E009EC6DC /* Interactor */ = {
			isa = PBXGroup;
			children = (
				8C8012C02399087E009EC6DC /* usersVCInteractor.swift */,
			);
			path = Interactor;
			sourceTree = "<group>";
		};
		8CCEB37722D89A1A00FC000E = {
			isa = PBXGroup;
			children = (
				8CCEB38222D89A1A00FC000E /* progammatically */,
				8CCEB39722D89A2800FC000E /* progammaticallyTests */,
				8CCEB38122D89A1A00FC000E /* Products */,
				C91B634ACD87F81AA944BF08 /* Pods */,
			);
			sourceTree = "<group>";
		};
		8CCEB38122D89A1A00FC000E /* Products */ = {
			isa = PBXGroup;
			children = (
				8CCEB38022D89A1A00FC000E /* progammatically.app */,
				8CCEB39422D89A2800FC000E /* progammaticallyTests.xctest */,
			);
			name = Products;
			sourceTree = "<group>";
		};
		8CCEB38222D89A1A00FC000E /* progammatically */ = {
			isa = PBXGroup;
			children = (
				8C8012BB2399071D009EC6DC /* Model */,
				8C8012B22398FB72009EC6DC /* Core */,
				8C8012B12398FB63009EC6DC /* Storyboards */,
				8C8012B02398FB4E009EC6DC /* Resources */,
				8C8012AF2398FB3E009EC6DC /* Configurations */,
				8C8012AE2398FB13009EC6DC /* Scenes */,
			);
			path = progammatically;
			sourceTree = "<group>";
		};
		8CCEB39722D89A2800FC000E /* progammaticallyTests */ = {
			isa = PBXGroup;
			children = (
				8CCEB39822D89A2800FC000E /* progammaticallyTests.swift */,
				8CCEB39A22D89A2800FC000E /* Info.plist */,
			);
			path = progammaticallyTests;
			sourceTree = "<group>";
		};
		C91B634ACD87F81AA944BF08 /* Pods */ = {
			isa = PBXGroup;
			children = (
			);
			path = Pods;
			sourceTree = "<group>";
		};
/* End PBXGroup section */

/* Begin PBXNativeTarget section */
		8CCEB37F22D89A1A00FC000E /* progammatically */ = {
			isa = PBXNativeTarget;
			buildConfigurationList = 8CCEB39D22D89A2800FC000E /* Build configuration list for PBXNativeTarget "progammatically" */;
			buildPhases = (
				8CCEB37C22D89A1A00FC000E /* Sources */,
				8CCEB37D22D89A1A00FC000E /* Frameworks */,
				8CCEB37E22D89A1A00FC000E /* Resources */,
			);
			buildRules = (
			);
			dependencies = (
			);
			name = progammatically;
			productName = progammatically;
			productReference = 8CCEB38022D89A1A00FC000E /* progammatically.app */;
			productType = "com.apple.product-type.application";
		};
		8CCEB39322D89A2800FC000E /* progammaticallyTests */ = {
			isa = PBXNativeTarget;
			buildConfigurationList = 8CCEB3A022D89A2800FC000E /* Build configuration list for PBXNativeTarget "progammaticallyTests" */;
			buildPhases = (
				8CCEB39022D89A2800FC000E /* Sources */,
				8CCEB39122D89A2800FC000E /* Frameworks */,
				8CCEB39222D89A2800FC000E /* Resources */,
			);
			buildRules = (
			);
			dependencies = (
				8CCEB39622D89A2800FC000E /* PBXTargetDependency */,
			);
			name = progammaticallyTests;
			productName = progammaticallyTests;
			productReference = 8CCEB39422D89A2800FC000E /* progammaticallyTests.xctest */;
			productType = "com.apple.product-type.bundle.unit-test";
		};
/* End PBXNativeTarget section */

/* Begin PBXProject section */
		8CCEB37822D89A1A00FC000E /* Project object */ = {
			isa = PBXProject;
			attributes = {
				LastSwiftUpdateCheck = 0940;
				LastUpgradeCheck = 0940;
				ORGANIZATIONNAME = "bishoy wadie";
				TargetAttributes = {
					8CCEB37F22D89A1A00FC000E = {
						CreatedOnToolsVersion = 9.4.1;
					};
					8CCEB39322D89A2800FC000E = {
						CreatedOnToolsVersion = 9.4.1;
						TestTargetID = 8CCEB37F22D89A1A00FC000E;
					};
				};
			};
			buildConfigurationList = 8CCEB37B22D89A1A00FC000E /* Build configuration list for PBXProject "progammatically" */;
			compatibilityVersion = "Xcode 9.3";
			developmentRegion = en;
			hasScannedForEncodings = 0;
			knownRegions = (
				en,
				Base,
			);
			mainGroup = 8CCEB37722D89A1A00FC000E;
			productRefGroup = 8CCEB38122D89A1A00FC000E /* Products */;
			projectDirPath = "";
			projectRoot = "";
			targets = (
				8CCEB37F22D89A1A00FC000E /* progammatically */,
				8CCEB39322D89A2800FC000E /* progammaticallyTests */,
			);
		};
/* End PBXProject section */

/* Begin PBXResourcesBuildPhase section */
		8CCEB37E22D89A1A00FC000E /* Resources */ = {
			isa = PBXResourcesBuildPhase;
			buildActionMask = 2147483647;
			files = (
				8C8012BA2398FEA0009EC6DC /* usersCell.xib in Resources */,
				8CCEB38E22D89A2700FC000E /* LaunchScreen.storyboard in Resources */,
				8CCEB38B22D89A2700FC000E /* Assets.xcassets in Resources */,
				8CCEB38922D89A1A00FC000E /* Main.storyboard in Resources */,
			);
			runOnlyForDeploymentPostprocessing = 0;
		};
		8CCEB39222D89A2800FC000E /* Resources */ = {
			isa = PBXResourcesBuildPhase;
			buildActionMask = 2147483647;
			files = (
			);
			runOnlyForDeploymentPostprocessing = 0;
		};
/* End PBXResourcesBuildPhase section */

/* Begin PBXSourcesBuildPhase section */
		8CCEB37C22D89A1A00FC000E /* Sources */ = {
			isa = PBXSourcesBuildPhase;
			buildActionMask = 2147483647;
			files = (
				8C8012BD2399073D009EC6DC /* user.swift in Sources */,
				8C8012B92398FEA0009EC6DC /* usersCell.swift in Sources */,
				8CCEB38622D89A1A00FC000E /* usersVC.swift in Sources */,
				8C8012B52398FD97009EC6DC /* usersVC+ tableView.swift in Sources */,
				8C8012C12399087E009EC6DC /* usersVCInteractor.swift in Sources */,
				8CCEB38422D89A1A00FC000E /* AppDelegate.swift in Sources */,
				8C8012C32399088D009EC6DC /* usersVCPesenter.swift in Sources */,
				8C8012C5239912C4009EC6DC /* usersVC+presenterDelagation .swift in Sources */,
			);
			runOnlyForDeploymentPostprocessing = 0;
		};
		8CCEB39022D89A2800FC000E /* Sources */ = {
			isa = PBXSourcesBuildPhase;
			buildActionMask = 2147483647;
			files = (
				8CCEB39922D89A2800FC000E /* progammaticallyTests.swift in Sources */,
			);
			runOnlyForDeploymentPostprocessing = 0;
		};
/* End PBXSourcesBuildPhase section */

/* Begin PBXTargetDependency section */
		8CCEB39622D89A2800FC000E /* PBXTargetDependency */ = {
			isa = PBXTargetDependency;
			target = 8CCEB37F22D89A1A00FC000E /* progammatically */;
			targetProxy = 8CCEB39522D89A2800FC000E /* PBXContainerItemProxy */;
		};
/* End PBXTargetDependency section */

/* Begin PBXVariantGroup section */
		8CCEB38722D89A1A00FC000E /* Main.storyboard */ = {
			isa = PBXVariantGroup;
			children = (
				8CCEB38822D89A1A00FC000E /* Base */,
			);
			name = Main.storyboard;
			sourceTree = "<group>";
		};
		8CCEB38C22D89A2700FC000E /* LaunchScreen.storyboard */ = {
			isa = PBXVariantGroup;
			children = (
				8CCEB38D22D89A2700FC000E /* Base */,
			);
			name = LaunchScreen.storyboard;
			sourceTree = "<group>";
		};
/* End PBXVariantGroup section */

/* Begin XCBuildConfiguration section */
		8CCEB39B22D89A2800FC000E /* Debug */ = {
			isa = XCBuildConfiguration;
			buildSettings = {
				ALWAYS_SEARCH_USER_PATHS = NO;
				CLANG_ANALYZER_NONNULL = YES;
				CLANG_ANALYZER_NUMBER_OBJECT_CONVERSION = YES_AGGRESSIVE;
				CLANG_CXX_LANGUAGE_STANDARD = "gnu++14";
				CLANG_CXX_LIBRARY = "libc++";
				CLANG_ENABLE_MODULES = YES;
				CLANG_ENABLE_OBJC_ARC = YES;
				CLANG_ENABLE_OBJC_WEAK = YES;
				CLANG_WARN_BLOCK_CAPTURE_AUTORELEASING = YES;
				CLANG_WARN_BOOL_CONVERSION = YES;
				CLANG_WARN_COMMA = YES;
				CLANG_WARN_CONSTANT_CONVERSION = YES;
				CLANG_WARN_DEPRECATED_OBJC_IMPLEMENTATIONS = YES;
				CLANG_WARN_DIRECT_OBJC_ISA_USAGE = YES_ERROR;
				CLANG_WARN_DOCUMENTATION_COMMENTS = YES;
				CLANG_WARN_EMPTY_BODY = YES;
				CLANG_WARN_ENUM_CONVERSION = YES;
				CLANG_WARN_INFINITE_RECURSION = YES;
				CLANG_WARN_INT_CONVERSION = YES;
				CLANG_WARN_NON_LITERAL_NULL_CONVERSION = YES;
				CLANG_WARN_OBJC_IMPLICIT_RETAIN_SELF = YES;
				CLANG_WARN_OBJC_LITERAL_CONVERSION = YES;
				CLANG_WARN_OBJC_ROOT_CLASS = YES_ERROR;
				CLANG_WARN_RANGE_LOOP_ANALYSIS = YES;
				CLANG_WARN_STRICT_PROTOTYPES = YES;
				CLANG_WARN_SUSPICIOUS_MOVE = YES;
				CLANG_WARN_UNGUARDED_AVAILABILITY = YES_AGGRESSIVE;
				CLANG_WARN_UNREACHABLE_CODE = YES;
				CLANG_WARN__DUPLICATE_METHOD_MATCH = YES;
				CODE_SIGN_IDENTITY = "iPhone Developer";
				COPY_PHASE_STRIP = NO;
				DEBUG_INFORMATION_FORMAT = dwarf;
				ENABLE_STRICT_OBJC_MSGSEND = YES;
				ENABLE_TESTABILITY = YES;
				GCC_C_LANGUAGE_STANDARD = gnu11;
				GCC_DYNAMIC_NO_PIC = NO;
				GCC_NO_COMMON_BLOCKS = YES;
				GCC_OPTIMIZATION_LEVEL = 0;
				GCC_PREPROCESSOR_DEFINITIONS = (
					"DEBUG=1",
					"$(inherited)",
				);
				GCC_WARN_64_TO_32_BIT_CONVERSION = YES;
				GCC_WARN_ABOUT_RETURN_TYPE = YES_ERROR;
				GCC_WARN_UNDECLARED_SELECTOR = YES;
				GCC_WARN_UNINITIALIZED_AUTOS = YES_AGGRESSIVE;
				GCC_WARN_UNUSED_FUNCTION = YES;
				GCC_WARN_UNUSED_VARIABLE = YES;
				IPHONEOS_DEPLOYMENT_TARGET = 11.4;
				MTL_ENABLE_DEBUG_INFO = YES;
				ONLY_ACTIVE_ARCH = YES;
				SDKROOT = iphoneos;
				SWIFT_ACTIVE_COMPILATION_CONDITIONS = DEBUG;
				SWIFT_OPTIMIZATION_LEVEL = "-Onone";
			};
			name = Debug;
		};
		8CCEB39C22D89A2800FC000E /* Release */ = {
			isa = XCBuildConfiguration;
			buildSettings = {
				ALWAYS_SEARCH_USER_PATHS = NO;
				CLANG_ANALYZER_NONNULL = YES;
				CLANG_ANALYZER_NUMBER_OBJECT_CONVERSION = YES_AGGRESSIVE;
				CLANG_CXX_LANGUAGE_STANDARD = "gnu++14";
				CLANG_CXX_LIBRARY = "libc++";
				CLANG_ENABLE_MODULES = YES;
				CLANG_ENABLE_OBJC_ARC = YES;
				CLANG_ENABLE_OBJC_WEAK = YES;
				CLANG_WARN_BLOCK_CAPTURE_AUTORELEASING = YES;
				CLANG_WARN_BOOL_CONVERSION = YES;
				CLANG_WARN_COMMA = YES;
				CLANG_WARN_CONSTANT_CONVERSION = YES;
				CLANG_WARN_DEPRECATED_OBJC_IMPLEMENTATIONS = YES;
				CLANG_WARN_DIRECT_OBJC_ISA_USAGE = YES_ERROR;
				CLANG_WARN_DOCUMENTATION_COMMENTS = YES;
				CLANG_WARN_EMPTY_BODY = YES;
				CLANG_WARN_ENUM_CONVERSION = YES;
				CLANG_WARN_INFINITE_RECURSION = YES;
				CLANG_WARN_INT_CONVERSION = YES;
				CLANG_WARN_NON_LITERAL_NULL_CONVERSION = YES;
				CLANG_WARN_OBJC_IMPLICIT_RETAIN_SELF = YES;
				CLANG_WARN_OBJC_LITERAL_CONVERSION = YES;
				CLANG_WARN_OBJC_ROOT_CLASS = YES_ERROR;
				CLANG_WARN_RANGE_LOOP_ANALYSIS = YES;
				CLANG_WARN_STRICT_PROTOTYPES = YES;
				CLANG_WARN_SUSPICIOUS_MOVE = YES;
				CLANG_WARN_UNGUARDED_AVAILABILITY = YES_AGGRESSIVE;
				CLANG_WARN_UNREACHABLE_CODE = YES;
				CLANG_WARN__DUPLICATE_METHOD_MATCH = YES;
				CODE_SIGN_IDENTITY = "iPhone Developer";
				COPY_PHASE_STRIP = NO;
				DEBUG_INFORMATION_FORMAT = "dwarf-with-dsym";
				ENABLE_NS_ASSERTIONS = NO;
				ENABLE_STRICT_OBJC_MSGSEND = YES;
				GCC_C_LANGUAGE_STANDARD = gnu11;
				GCC_NO_COMMON_BLOCKS = YES;
				GCC_WARN_64_TO_32_BIT_CONVERSION = YES;
				GCC_WARN_ABOUT_RETURN_TYPE = YES_ERROR;
				GCC_WARN_UNDECLARED_SELECTOR = YES;
				GCC_WARN_UNINITIALIZED_AUTOS = YES_AGGRESSIVE;
				GCC_WARN_UNUSED_FUNCTION = YES;
				GCC_WARN_UNUSED_VARIABLE = YES;
				IPHONEOS_DEPLOYMENT_TARGET = 11.4;
				MTL_ENABLE_DEBUG_INFO = NO;
				SDKROOT = iphoneos;
				SWIFT_COMPILATION_MODE = wholemodule;
				SWIFT_OPTIMIZATION_LEVEL = "-O";
				VALIDATE_PRODUCT = YES;
			};
			name = Release;
		};
		8CCEB39E22D89A2800FC000E /* Debug */ = {
			isa = XCBuildConfiguration;
			buildSettings = {
				ASSETCATALOG_COMPILER_APPICON_NAME = AppIcon;
				CODE_SIGN_STYLE = Automatic;
				DEVELOPMENT_TEAM = 57X69FY88H;
				INFOPLIST_FILE = "$(SRCROOT)/progammatically/Configurations/Info.plist";
				LD_RUNPATH_SEARCH_PATHS = (
					"$(inherited)",
					"@executable_path/Frameworks",
				);
				PRODUCT_BUNDLE_IDENTIFIER = "revel-media.progammatically";
				PRODUCT_NAME = "$(TARGET_NAME)";
				SWIFT_VERSION = 4.0;
				TARGETED_DEVICE_FAMILY = "1,2";
			};
			name = Debug;
		};
		8CCEB39F22D89A2800FC000E /* Release */ = {
			isa = XCBuildConfiguration;
			buildSettings = {
				ASSETCATALOG_COMPILER_APPICON_NAME = AppIcon;
				CODE_SIGN_STYLE = Automatic;
				DEVELOPMENT_TEAM = 57X69FY88H;
				INFOPLIST_FILE = "$(SRCROOT)/progammatically/Configurations/Info.plist";
				LD_RUNPATH_SEARCH_PATHS = (
					"$(inherited)",
					"@executable_path/Frameworks",
				);
				PRODUCT_BUNDLE_IDENTIFIER = "revel-media.progammatically";
				PRODUCT_NAME = "$(TARGET_NAME)";
				SWIFT_VERSION = 4.0;
				TARGETED_DEVICE_FAMILY = "1,2";
			};
			name = Release;
		};
		8CCEB3A122D89A2800FC000E /* Debug */ = {
			isa = XCBuildConfiguration;
			buildSettings = {
				ALWAYS_EMBED_SWIFT_STANDARD_LIBRARIES = YES;
				BUNDLE_LOADER = "$(TEST_HOST)";
				CODE_SIGN_STYLE = Automatic;
				DEVELOPMENT_TEAM = 57X69FY88H;
				INFOPLIST_FILE = progammaticallyTests/Info.plist;
				LD_RUNPATH_SEARCH_PATHS = (
					"$(inherited)",
					"@executable_path/Frameworks",
					"@loader_path/Frameworks",
				);
				PRODUCT_BUNDLE_IDENTIFIER = "revel-media.progammaticallyTests";
				PRODUCT_NAME = "$(TARGET_NAME)";
				SWIFT_VERSION = 4.0;
				TARGETED_DEVICE_FAMILY = "1,2";
				TEST_HOST = "$(BUILT_PRODUCTS_DIR)/progammatically.app/progammatically";
			};
			name = Debug;
		};
		8CCEB3A222D89A2800FC000E /* Release */ = {
			isa = XCBuildConfiguration;
			buildSettings = {
				ALWAYS_EMBED_SWIFT_STANDARD_LIBRARIES = YES;
				BUNDLE_LOADER = "$(TEST_HOST)";
				CODE_SIGN_STYLE = Automatic;
				DEVELOPMENT_TEAM = 57X69FY88H;
				INFOPLIST_FILE = progammaticallyTests/Info.plist;
				LD_RUNPATH_SEARCH_PATHS = (
					"$(inherited)",
					"@executable_path/Frameworks",
					"@loader_path/Frameworks",
				);
				PRODUCT_BUNDLE_IDENTIFIER = "revel-media.progammaticallyTests";
				PRODUCT_NAME = "$(TARGET_NAME)";
				SWIFT_VERSION = 4.0;
				TARGETED_DEVICE_FAMILY = "1,2";
				TEST_HOST = "$(BUILT_PRODUCTS_DIR)/progammatically.app/progammatically";
			};
			name = Release;
		};
/* End XCBuildConfiguration section */

/* Begin XCConfigurationList section */
		8CCEB37B22D89A1A00FC000E /* Build configuration list for PBXProject "progammatically" */ = {
			isa = XCConfigurationList;
			buildConfigurations = (
				8CCEB39B22D89A2800FC000E /* Debug */,
				8CCEB39C22D89A2800FC000E /* Release */,
			);
			defaultConfigurationIsVisible = 0;
			defaultConfigurationName = Release;
		};
		8CCEB39D22D89A2800FC000E /* Build configuration list for PBXNativeTarget "progammatically" */ = {
			isa = XCConfigurationList;
			buildConfigurations = (
				8CCEB39E22D89A2800FC000E /* Debug */,
				8CCEB39F22D89A2800FC000E /* Release */,
			);
			defaultConfigurationIsVisible = 0;
			defaultConfigurationName = Release;
		};
		8CCEB3A022D89A2800FC000E /* Build configuration list for PBXNativeTarget "progammaticallyTests" */ = {
			isa = XCConfigurationList;
			buildConfigurations = (
				8CCEB3A122D89A2800FC000E /* Debug */,
				8CCEB3A222D89A2800FC000E /* Release */,
			);
			defaultConfigurationIsVisible = 0;
			defaultConfigurationName = Release;
		};
/* End XCConfigurationList section */
	};
	rootObject = 8CCEB37822D89A1A00FC000E /* Project object */;
}
