PODS:
  - Alamofire (5.0.0-rc.3)
  - NVActivityIndicatorView (4.6.1):
    - NVActivityIndicatorView/Presenter (= 4.6.1)
  - NVActivityIndicatorView/Presenter (4.6.1)

DEPENDENCIES:
  - Alamofire (~> 5.0.0-rc.3)
  - NVActivityIndicatorView

SPEC REPOS:
  https://github.com/cocoapods/specs.git:
    - Alamofire
    - NVActivityIndicatorView

SPEC CHECKSUMS:
  Alamofire: ca8c0de6906873be89d6deec5c8de279e00bf872
  NVActivityIndicatorView: 4ca19fccc84595a78957336a086d00a49be6ce61

PODFILE CHECKSUM: b80e689824136bd989d2c36960b1608be92ff192

COCOAPODS: 1.6.0
